// !$*UTF8*$!
{
	archiveVersion = 1;
	classes = {
	};
	objectVersion = 56;
	objects = {

/* Begin PBXBuildFile section */
		5207FAB02B28F49600972204 /* PhotoLibraryExample.swift in Sources */ = {isa = PBXBuildFile; fileRef = 5207FAAF2B28F49600972204 /* PhotoLibraryExample.swift */; };
		520D15C62B27B1E900D627A3 /* ContentUnavailableExample.swift in Sources */ = {isa = PBXBuildFile; fileRef = 520D15C52B27B1E900D627A3 /* ContentUnavailableExample.swift */; };
		52AAC5CC2B2378D900E406EC /* CoreImageExampleView.swift in Sources */ = {isa = PBXBuildFile; fileRef = 52AAC5CB2B2378D900E406EC /* CoreImageExampleView.swift */; };
		52EDC3722B20C76900E3E26D /* InstafilterApp.swift in Sources */ = {isa = PBXBuildFile; fileRef = 52EDC3712B20C76900E3E26D /* InstafilterApp.swift */; };
		52EDC3742B20C76900E3E26D /* ContentView.swift in Sources */ = {isa = PBXBuildFile; fileRef = 52EDC3732B20C76900E3E26D /* ContentView.swift */; };
		52EDC3762B20C76A00E3E26D /* Assets.xcassets in Resources */ = {isa = PBXBuildFile; fileRef = 52EDC3752B20C76A00E3E26D /* Assets.xcassets */; };
		52EDC3792B20C76A00E3E26D /* Preview Assets.xcassets in Resources */ = {isa = PBXBuildFile; fileRef = 52EDC3782B20C76A00E3E26D /* Preview Assets.xcassets */; };
		52EDC3802B20C83100E3E26D /* Launch Screen.storyboard in Resources */ = {isa = PBXBuildFile; fileRef = 52EDC37F2B20C83100E3E26D /* Launch Screen.storyboard */; };
		52EDC3832B21101100E3E26D /* BlurView.swift in Sources */ = {isa = PBXBuildFile; fileRef = 52EDC3822B21101100E3E26D /* BlurView.swift */; };
		52EDC3852B2118F900E3E26D /* ConfirmationDialogExampleView.swift in Sources */ = {isa = PBXBuildFile; fileRef = 52EDC3842B2118F900E3E26D /* ConfirmationDialogExampleView.swift */; };
/* End PBXBuildFile section */

/* Begin PBXFileReference section */
		5207FAAF2B28F49600972204 /* PhotoLibraryExample.swift */ = {isa = PBXFileReference; lastKnownFileType = sourcecode.swift; path = PhotoLibraryExample.swift; sourceTree = "<group>"; };
		520D15C52B27B1E900D627A3 /* ContentUnavailableExample.swift */ = {isa = PBXFileReference; lastKnownFileType = sourcecode.swift; path = ContentUnavailableExample.swift; sourceTree = "<group>"; };
		52AAC5CB2B2378D900E406EC /* CoreImageExampleView.swift */ = {isa = PBXFileReference; lastKnownFileType = sourcecode.swift; path = CoreImageExampleView.swift; sourceTree = "<group>"; };
		52EDC36E2B20C76900E3E26D /* Instafilter.app */ = {isa = PBXFileReference; explicitFileType = wrapper.application; includeInIndex = 0; path = Instafilter.app; sourceTree = BUILT_PRODUCTS_DIR; };
		52EDC3712B20C76900E3E26D /* InstafilterApp.swift */ = {isa = PBXFileReference; lastKnownFileType = sourcecode.swift; path = InstafilterApp.swift; sourceTree = "<group>"; };
		52EDC3732B20C76900E3E26D /* ContentView.swift */ = {isa = PBXFileReference; lastKnownFileType = sourcecode.swift; path = ContentView.swift; sourceTree = "<group>"; };
		52EDC3752B20C76A00E3E26D /* Assets.xcassets */ = {isa = PBXFileReference; lastKnownFileType = folder.assetcatalog; path = Assets.xcassets; sourceTree = "<group>"; };
		52EDC3782B20C76A00E3E26D /* Preview Assets.xcassets */ = {isa = PBXFileReference; lastKnownFileType = folder.assetcatalog; path = "Preview Assets.xcassets"; sourceTree = "<group>"; };
		52EDC37F2B20C83100E3E26D /* Launch Screen.storyboard */ = {isa = PBXFileReference; lastKnownFileType = file.storyboard; path = "Launch Screen.storyboard"; sourceTree = "<group>"; };
		52EDC3822B21101100E3E26D /* BlurView.swift */ = {isa = PBXFileReference; lastKnownFileType = sourcecode.swift; path = BlurView.swift; sourceTree = "<group>"; };
		52EDC3842B2118F900E3E26D /* ConfirmationDialogExampleView.swift */ = {isa = PBXFileReference; lastKnownFileType = sourcecode.swift; path = ConfirmationDialogExampleView.swift; sourceTree = "<group>"; };
/* End PBXFileReference section */

/* Begin PBXFrameworksBuildPhase section */
		52EDC36B2B20C76900E3E26D /* Frameworks */ = {
			isa = PBXFrameworksBuildPhase;
			buildActionMask = 2147483647;
			files = (
			);
			runOnlyForDeploymentPostprocessing = 0;
		};
/* End PBXFrameworksBuildPhase section */

/* Begin PBXGroup section */
		52EDC3652B20C76900E3E26D = {
			isa = PBXGroup;
			children = (
				52EDC3702B20C76900E3E26D /* Instafilter */,
				52EDC36F2B20C76900E3E26D /* Products */,
			);
			sourceTree = "<group>";
		};
		52EDC36F2B20C76900E3E26D /* Products */ = {
			isa = PBXGroup;
			children = (
				52EDC36E2B20C76900E3E26D /* Instafilter.app */,
			);
			name = Products;
			sourceTree = "<group>";
		};
		52EDC3702B20C76900E3E26D /* Instafilter */ = {
			isa = PBXGroup;
			children = (
				52EDC3712B20C76900E3E26D /* InstafilterApp.swift */,
				52EDC3732B20C76900E3E26D /* ContentView.swift */,
				52EDC37F2B20C83100E3E26D /* Launch Screen.storyboard */,
				52EDC3752B20C76A00E3E26D /* Assets.xcassets */,
				52EDC3812B210FF500E3E26D /* TutorialFiles */,
				52EDC3772B20C76A00E3E26D /* Preview Content */,
			);
			path = Instafilter;
			sourceTree = "<group>";
		};
		52EDC3772B20C76A00E3E26D /* Preview Content */ = {
			isa = PBXGroup;
			children = (
				52EDC3782B20C76A00E3E26D /* Preview Assets.xcassets */,
			);
			path = "Preview Content";
			sourceTree = "<group>";
		};
		52EDC3812B210FF500E3E26D /* TutorialFiles */ = {
			isa = PBXGroup;
			children = (
				52EDC3822B21101100E3E26D /* BlurView.swift */,
				52EDC3842B2118F900E3E26D /* ConfirmationDialogExampleView.swift */,
				52AAC5CB2B2378D900E406EC /* CoreImageExampleView.swift */,
				520D15C52B27B1E900D627A3 /* ContentUnavailableExample.swift */,
				5207FAAF2B28F49600972204 /* PhotoLibraryExample.swift */,
			);
			path = TutorialFiles;
			sourceTree = "<group>";
		};
/* End PBXGroup section */

/* Begin PBXNativeTarget section */
		52EDC36D2B20C76900E3E26D /* Instafilter */ = {
			isa = PBXNativeTarget;
			buildConfigurationList = 52EDC37C2B20C76A00E3E26D /* Build configuration list for PBXNativeTarget "Instafilter" */;
			buildPhases = (
				52EDC36A2B20C76900E3E26D /* Sources */,
				52EDC36B2B20C76900E3E26D /* Frameworks */,
				52EDC36C2B20C76900E3E26D /* Resources */,
			);
			buildRules = (
			);
			dependencies = (
			);
			name = Instafilter;
			productName = Instafilter;
			productReference = 52EDC36E2B20C76900E3E26D /* Instafilter.app */;
			productType = "com.apple.product-type.application";
		};
/* End PBXNativeTarget section */

/* Begin PBXProject section */
		52EDC3662B20C76900E3E26D /* Project object */ = {
			isa = PBXProject;
			attributes = {
				BuildIndependentTargetsInParallel = 1;
				LastSwiftUpdateCheck = 1500;
				LastUpgradeCheck = 1500;
				TargetAttributes = {
					52EDC36D2B20C76900E3E26D = {
						CreatedOnToolsVersion = 15.0.1;
					};
				};
			};
			buildConfigurationList = 52EDC3692B20C76900E3E26D /* Build configuration list for PBXProject "Instafilter" */;
			compatibilityVersion = "Xcode 14.0";
			developmentRegion = en;
			hasScannedForEncodings = 0;
			knownRegions = (
				en,
				Base,
			);
			mainGroup = 52EDC3652B20C76900E3E26D;
			productRefGroup = 52EDC36F2B20C76900E3E26D /* Products */;
			projectDirPath = "";
			projectRoot = "";
			targets = (
				52EDC36D2B20C76900E3E26D /* Instafilter */,
			);
		};
/* End PBXProject section */

/* Begin PBXResourcesBuildPhase section */
		52EDC36C2B20C76900E3E26D /* Resources */ = {
			isa = PBXResourcesBuildPhase;
			buildActionMask = 2147483647;
			files = (
				52EDC3802B20C83100E3E26D /* Launch Screen.storyboard in Resources */,
				52EDC3792B20C76A00E3E26D /* Preview Assets.xcassets in Resources */,
				52EDC3762B20C76A00E3E26D /* Assets.xcassets in Resources */,
			);
			runOnlyForDeploymentPostprocessing = 0;
		};
/* End PBXResourcesBuildPhase section */

/* Begin PBXSourcesBuildPhase section */
		52EDC36A2B20C76900E3E26D /* Sources */ = {
			isa = PBXSourcesBuildPhase;
			buildActionMask = 2147483647;
			files = (
				5207FAB02B28F49600972204 /* PhotoLibraryExample.swift in Sources */,
				52EDC3742B20C76900E3E26D /* ContentView.swift in Sources */,
				52AAC5CC2B2378D900E406EC /* CoreImageExampleView.swift in Sources */,
				52EDC3722B20C76900E3E26D /* InstafilterApp.swift in Sources */,
				520D15C62B27B1E900D627A3 /* ContentUnavailableExample.swift in Sources */,
				52EDC3852B2118F900E3E26D /* ConfirmationDialogExampleView.swift in Sources */,
				52EDC3832B21101100E3E26D /* BlurView.swift in Sources */,
			);
			runOnlyForDeploymentPostprocessing = 0;
		};
/* End PBXSourcesBuildPhase section */

/* Begin XCBuildConfiguration section */
		52EDC37A2B20C76A00E3E26D /* Debug */ = {
			isa = XCBuildConfiguration;
			buildSettings = {
				ALWAYS_SEARCH_USER_PATHS = NO;
				ASSETCATALOG_COMPILER_GENERATE_SWIFT_ASSET_SYMBOL_EXTENSIONS = YES;
				CLANG_ANALYZER_NONNULL = YES;
				CLANG_ANALYZER_NUMBER_OBJECT_CONVERSION = YES_AGGRESSIVE;
				CLANG_CXX_LANGUAGE_STANDARD = "gnu++20";
				CLANG_ENABLE_MODULES = YES;
				CLANG_ENABLE_OBJC_ARC = YES;
				CLANG_ENABLE_OBJC_WEAK = YES;
				CLANG_WARN_BLOCK_CAPTURE_AUTORELEASING = YES;
				CLANG_WARN_BOOL_CONVERSION = YES;
				CLANG_WARN_COMMA = YES;
				CLANG_WARN_CONSTANT_CONVERSION = YES;
				CLANG_WARN_DEPRECATED_OBJC_IMPLEMENTATIONS = YES;
				CLANG_WARN_DIRECT_OBJC_ISA_USAGE = YES_ERROR;
				CLANG_WARN_DOCUMENTATION_COMMENTS = YES;
				CLANG_WARN_EMPTY_BODY = YES;
				CLANG_WARN_ENUM_CONVERSION = YES;
				CLANG_WARN_INFINITE_RECURSION = YES;
				CLANG_WARN_INT_CONVERSION = YES;
				CLANG_WARN_NON_LITERAL_NULL_CONVERSION = YES;
				CLANG_WARN_OBJC_IMPLICIT_RETAIN_SELF = YES;
				CLANG_WARN_OBJC_LITERAL_CONVERSION = YES;
				CLANG_WARN_OBJC_ROOT_CLASS = YES_ERROR;
				CLANG_WARN_QUOTED_INCLUDE_IN_FRAMEWORK_HEADER = YES;
				CLANG_WARN_RANGE_LOOP_ANALYSIS = YES;
				CLANG_WARN_STRICT_PROTOTYPES = YES;
				CLANG_WARN_SUSPICIOUS_MOVE = YES;
				CLANG_WARN_UNGUARDED_AVAILABILITY = YES_AGGRESSIVE;
				CLANG_WARN_UNREACHABLE_CODE = YES;
				CLANG_WARN__DUPLICATE_METHOD_MATCH = YES;
				COPY_PHASE_STRIP = NO;
				DEBUG_INFORMATION_FORMAT = dwarf;
				ENABLE_STRICT_OBJC_MSGSEND = YES;
				ENABLE_TESTABILITY = YES;
				ENABLE_USER_SCRIPT_SANDBOXING = YES;
				GCC_C_LANGUAGE_STANDARD = gnu17;
				GCC_DYNAMIC_NO_PIC = NO;
				GCC_NO_COMMON_BLOCKS = YES;
				GCC_OPTIMIZATION_LEVEL = 0;
				GCC_PREPROCESSOR_DEFINITIONS = (
					"DEBUG=1",
					"$(inherited)",
				);
				GCC_WARN_64_TO_32_BIT_CONVERSION = YES;
				GCC_WARN_ABOUT_RETURN_TYPE = YES_ERROR;
				GCC_WARN_UNDECLARED_SELECTOR = YES;
				GCC_WARN_UNINITIALIZED_AUTOS = YES_AGGRESSIVE;
				GCC_WARN_UNUSED_FUNCTION = YES;
				GCC_WARN_UNUSED_VARIABLE = YES;
				IPHONEOS_DEPLOYMENT_TARGET = 17.0;
				LOCALIZATION_PREFERS_STRING_CATALOGS = YES;
				MTL_ENABLE_DEBUG_INFO = INCLUDE_SOURCE;
				MTL_FAST_MATH = YES;
				ONLY_ACTIVE_ARCH = YES;
				SDKROOT = iphoneos;
				SWIFT_ACTIVE_COMPILATION_CONDITIONS = "DEBUG $(inherited)";
				SWIFT_OPTIMIZATION_LEVEL = "-Onone";
			};
			name = Debug;
		};
		52EDC37B2B20C76A00E3E26D /* Release */ = {
			isa = XCBuildConfiguration;
			buildSettings = {
				ALWAYS_SEARCH_USER_PATHS = NO;
				ASSETCATALOG_COMPILER_GENERATE_SWIFT_ASSET_SYMBOL_EXTENSIONS = YES;
				CLANG_ANALYZER_NONNULL = YES;
				CLANG_ANALYZER_NUMBER_OBJECT_CONVERSION = YES_AGGRESSIVE;
				CLANG_CXX_LANGUAGE_STANDARD = "gnu++20";
				CLANG_ENABLE_MODULES = YES;
				CLANG_ENABLE_OBJC_ARC = YES;
				CLANG_ENABLE_OBJC_WEAK = YES;
				CLANG_WARN_BLOCK_CAPTURE_AUTORELEASING = YES;
				CLANG_WARN_BOOL_CONVERSION = YES;
				CLANG_WARN_COMMA = YES;
				CLANG_WARN_CONSTANT_CONVERSION = YES;
				CLANG_WARN_DEPRECATED_OBJC_IMPLEMENTATIONS = YES;
				CLANG_WARN_DIRECT_OBJC_ISA_USAGE = YES_ERROR;
				CLANG_WARN_DOCUMENTATION_COMMENTS = YES;
				CLANG_WARN_EMPTY_BODY = YES;
				CLANG_WARN_ENUM_CONVERSION = YES;
				CLANG_WARN_INFINITE_RECURSION = YES;
				CLANG_WARN_INT_CONVERSION = YES;
				CLANG_WARN_NON_LITERAL_NULL_CONVERSION = YES;
				CLANG_WARN_OBJC_IMPLICIT_RETAIN_SELF = YES;
				CLANG_WARN_OBJC_LITERAL_CONVERSION = YES;
				CLANG_WARN_OBJC_ROOT_CLASS = YES_ERROR;
				CLANG_WARN_QUOTED_INCLUDE_IN_FRAMEWORK_HEADER = YES;
				CLANG_WARN_RANGE_LOOP_ANALYSIS = YES;
				CLANG_WARN_STRICT_PROTOTYPES = YES;
				CLANG_WARN_SUSPICIOUS_MOVE = YES;
				CLANG_WARN_UNGUARDED_AVAILABILITY = YES_AGGRESSIVE;
				CLANG_WARN_UNREACHABLE_CODE = YES;
				CLANG_WARN__DUPLICATE_METHOD_MATCH = YES;
				COPY_PHASE_STRIP = NO;
				DEBUG_INFORMATION_FORMAT = "dwarf-with-dsym";
				ENABLE_NS_ASSERTIONS = NO;
				ENABLE_STRICT_OBJC_MSGSEND = YES;
				ENABLE_USER_SCRIPT_SANDBOXING = YES;
				GCC_C_LANGUAGE_STANDARD = gnu17;
				GCC_NO_COMMON_BLOCKS = YES;
				GCC_WARN_64_TO_32_BIT_CONVERSION = YES;
				GCC_WARN_ABOUT_RETURN_TYPE = YES_ERROR;
				GCC_WARN_UNDECLARED_SELECTOR = YES;
				GCC_WARN_UNINITIALIZED_AUTOS = YES_AGGRESSIVE;
				GCC_WARN_UNUSED_FUNCTION = YES;
				GCC_WARN_UNUSED_VARIABLE = YES;
				IPHONEOS_DEPLOYMENT_TARGET = 17.0;
				LOCALIZATION_PREFERS_STRING_CATALOGS = YES;
				MTL_ENABLE_DEBUG_INFO = NO;
				MTL_FAST_MATH = YES;
				SDKROOT = iphoneos;
				SWIFT_COMPILATION_MODE = wholemodule;
				VALIDATE_PRODUCT = YES;
			};
			name = Release;
		};
		52EDC37D2B20C76A00E3E26D /* Debug */ = {
			isa = XCBuildConfiguration;
			buildSettings = {
				ASSETCATALOG_COMPILER_APPICON_NAME = AppIcon;
				ASSETCATALOG_COMPILER_GLOBAL_ACCENT_COLOR_NAME = AccentColor;
				CODE_SIGN_STYLE = Automatic;
				CURRENT_PROJECT_VERSION = 1;
				DEVELOPMENT_ASSET_PATHS = "\"Instafilter/Preview Content\"";
				DEVELOPMENT_TEAM = 5G39MTZYS5;
				ENABLE_PREVIEWS = YES;
				GENERATE_INFOPLIST_FILE = YES;
				INFOPLIST_KEY_UIApplicationSceneManifest_Generation = YES;
				INFOPLIST_KEY_UIApplicationSupportsIndirectInputEvents = YES;
				INFOPLIST_KEY_UILaunchScreen_Generation = YES;
				INFOPLIST_KEY_UILaunchStoryboardName = "Launch Screen.storyboard";
				INFOPLIST_KEY_UISupportedInterfaceOrientations_iPad = "UIInterfaceOrientationPortrait UIInterfaceOrientationPortraitUpsideDown UIInterfaceOrientationLandscapeLeft UIInterfaceOrientationLandscapeRight";
				INFOPLIST_KEY_UISupportedInterfaceOrientations_iPhone = "UIInterfaceOrientationPortrait UIInterfaceOrientationLandscapeLeft UIInterfaceOrientationLandscapeRight";
				LD_RUNPATH_SEARCH_PATHS = (
					"$(inherited)",
					"@executable_path/Frameworks",
				);
				MARKETING_VERSION = 1.0;
				PRODUCT_BUNDLE_IDENTIFIER = com.personal.Instafilter;
				PRODUCT_NAME = "$(TARGET_NAME)";
				SWIFT_EMIT_LOC_STRINGS = YES;
				SWIFT_VERSION = 5.0;
				TARGETED_DEVICE_FAMILY = "1,2";
			};
			name = Debug;
		};
		52EDC37E2B20C76A00E3E26D /* Release */ = {
			isa = XCBuildConfiguration;
			buildSettings = {
				ASSETCATALOG_COMPILER_APPICON_NAME = AppIcon;
				ASSETCATALOG_COMPILER_GLOBAL_ACCENT_COLOR_NAME = AccentColor;
				CODE_SIGN_STYLE = Automatic;
				CURRENT_PROJECT_VERSION = 1;
				DEVELOPMENT_ASSET_PATHS = "\"Instafilter/Preview Content\"";
				DEVELOPMENT_TEAM = 5G39MTZYS5;
				ENABLE_PREVIEWS = YES;
				GENERATE_INFOPLIST_FILE = YES;
				INFOPLIST_KEY_UIApplicationSceneManifest_Generation = YES;
				INFOPLIST_KEY_UIApplicationSupportsIndirectInputEvents = YES;
				INFOPLIST_KEY_UILaunchScreen_Generation = YES;
				INFOPLIST_KEY_UILaunchStoryboardName = "Launch Screen.storyboard";
				INFOPLIST_KEY_UISupportedInterfaceOrientations_iPad = "UIInterfaceOrientationPortrait UIInterfaceOrientationPortraitUpsideDown UIInterfaceOrientationLandscapeLeft UIInterfaceOrientationLandscapeRight";
				INFOPLIST_KEY_UISupportedInterfaceOrientations_iPhone = "UIInterfaceOrientationPortrait UIInterfaceOrientationLandscapeLeft UIInterfaceOrientationLandscapeRight";
				LD_RUNPATH_SEARCH_PATHS = (
					"$(inherited)",
					"@executable_path/Frameworks",
				);
				MARKETING_VERSION = 1.0;
				PRODUCT_BUNDLE_IDENTIFIER = com.personal.Instafilter;
				PRODUCT_NAME = "$(TARGET_NAME)";
				SWIFT_EMIT_LOC_STRINGS = YES;
				SWIFT_VERSION = 5.0;
				TARGETED_DEVICE_FAMILY = "1,2";
			};
			name = Release;
		};
/* End XCBuildConfiguration section */

/* Begin XCConfigurationList section */
		52EDC3692B20C76900E3E26D /* Build configuration list for PBXProject "Instafilter" */ = {
			isa = XCConfigurationList;
			buildConfigurations = (
				52EDC37A2B20C76A00E3E26D /* Debug */,
				52EDC37B2B20C76A00E3E26D /* Release */,
			);
			defaultConfigurationIsVisible = 0;
			defaultConfigurationName = Release;
		};
		52EDC37C2B20C76A00E3E26D /* Build configuration list for PBXNativeTarget "Instafilter" */ = {
			isa = XCConfigurationList;
			buildConfigurations = (
				52EDC37D2B20C76A00E3E26D /* Debug */,
				52EDC37E2B20C76A00E3E26D /* Release */,
			);
			defaultConfigurationIsVisible = 0;
			defaultConfigurationName = Release;
		};
/* End XCConfigurationList section */
	};
	rootObject = 52EDC3662B20C76900E3E26D /* Project object */;
}
